# https://cdn.jsdelivr.net/gh/DesperadoJ/Rules-for-UnblockNeteaseMusic/Clash/Proxy/NeteaseMusic.yaml
# https://raw.githubusercontent.com/I-am-R-E/QuantumultX/main/AgentNode/NeteaseMusicUnlock.list
# https://raw.githubusercontent.com/nameking77/Qx/main/music/wyy.txt
# https://t.me/joinchat/AAAAAE7rKoq4s-WIv3OfrA

proxies:
  - {name: 🎧 解锁网易云音乐1, server: music.desperadoj.com, port: 30001, type: ss, country:cn CN, cipher: aes-128-gcm, password: desperadoj.com_free_proxy_d39m}
  - {name: 🎧 解锁网易云音乐2, server: blockmusic2.poetyin.com, port: 19951, type: http, country:cn CN, tls: false, skip-cert-verify: false}
  - {name: 🎧 解锁网易云音乐3, server: music.desperadoj.com, port: 30003, type: ss, country:cn CN, cipher: aes-128-gcm, password: desperadoj.com_free_proxy_d39m}
  - {name: 🎧 解锁网易云音乐4, server: LOLICO.ME, port: 443, type: http, tls: false, skip-cert-verify: false}
  - {name: 🎧 解锁网易云音乐5, server: SALVAN.ICU, port: 19980, type: http, tls: false, skip-cert-verify: false}
  - {name: 🎧 解锁网易云音乐6, server: 101.132.79.113, port: 23333, type: http, tls: false, skip-cert-verify: false}
  - {name: 🎧 解锁网易云音乐7, server: MUSIC.LOLICO.ME, port: 39000, type: http, tls: false, skip-cert-verify: false}
  - {name: 🎧 解锁网易云音乐8, server: MUSIC.GRIOUGES.CN, port: 39000, type: http, tls: false, skip-cert-verify: false}